// !$*UTF8*$!
{
	archiveVersion = 1;
	classes = {
	};
	objectVersion = 56;
	objects = {

/* Begin PBXBuildFile section */
		960D3C682ACC6B6B00D7D53C /* MusicTableViewCell.swift in Sources */ = {isa = PBXBuildFile; fileRef = 960D3C672ACC6B6B00D7D53C /* MusicTableViewCell.swift */; };
		960D3C6A2ACC6BAB00D7D53C /* MusicTableViewCell.xib in Resources */ = {isa = PBXBuildFile; fileRef = 960D3C692ACC6BAB00D7D53C /* MusicTableViewCell.xib */; };
		960D3C6D2ACC786200D7D53C /* UIViewProtocol.swift in Sources */ = {isa = PBXBuildFile; fileRef = 960D3C6C2ACC786200D7D53C /* UIViewProtocol.swift */; };
		963CE6C82ACCFF0800DFD2D6 /* Kingfisher in Frameworks */ = {isa = PBXBuildFile; productRef = 963CE6C72ACCFF0800DFD2D6 /* Kingfisher */; };
		963CE6CA2ACD019500DFD2D6 /* SearchViewModel.swift in Sources */ = {isa = PBXBuildFile; fileRef = 963CE6C92ACD019500DFD2D6 /* SearchViewModel.swift */; };
		963CE6CD2ACD028700DFD2D6 /* MusicModel.swift in Sources */ = {isa = PBXBuildFile; fileRef = 963CE6CC2ACD028700DFD2D6 /* MusicModel.swift */; };
		963CE6CF2ACD046400DFD2D6 /* iTunesAPIService.swift in Sources */ = {isa = PBXBuildFile; fileRef = 963CE6CE2ACD046400DFD2D6 /* iTunesAPIService.swift */; };
		963CE6D12ACEAAB800DFD2D6 /* APIService.swift in Sources */ = {isa = PBXBuildFile; fileRef = 963CE6D02ACEAAB800DFD2D6 /* APIService.swift */; };
		963CE6D32ACEC53400DFD2D6 /* BookmarkViewModel.swift in Sources */ = {isa = PBXBuildFile; fileRef = 963CE6D22ACEC53400DFD2D6 /* BookmarkViewModel.swift */; };
		963CE6D72ACECA4F00DFD2D6 /* DataStoreProtocol.swift in Sources */ = {isa = PBXBuildFile; fileRef = 963CE6D62ACECA4F00DFD2D6 /* DataStoreProtocol.swift */; };
		963CE6D92ACECA7A00DFD2D6 /* UserDefaultDataStore.swift in Sources */ = {isa = PBXBuildFile; fileRef = 963CE6D82ACECA7A00DFD2D6 /* UserDefaultDataStore.swift */; };
		963CE6DB2ACEF7CD00DFD2D6 /* SongCellViewModel.swift in Sources */ = {isa = PBXBuildFile; fileRef = 963CE6DA2ACEF7CD00DFD2D6 /* SongCellViewModel.swift */; };
		963CE6DD2ACFC4FD00DFD2D6 /* AlbumCellViewModel.swift in Sources */ = {isa = PBXBuildFile; fileRef = 963CE6DC2ACFC4FD00DFD2D6 /* AlbumCellViewModel.swift */; };
		963CE6DF2ACFC66600DFD2D6 /* ArtistCellViewModel.swift in Sources */ = {isa = PBXBuildFile; fileRef = 963CE6DE2ACFC66600DFD2D6 /* ArtistCellViewModel.swift */; };
		963CE6E72AD008E800DFD2D6 /* Localizable.xcstrings in Resources */ = {isa = PBXBuildFile; fileRef = 963CE6E62AD008E800DFD2D6 /* Localizable.xcstrings */; };
		963CE6E92AD009DB00DFD2D6 /* Localiz.swift in Sources */ = {isa = PBXBuildFile; fileRef = 963CE6E82AD009DB00DFD2D6 /* Localiz.swift */; };
		96DB71D42ACBF06F00EDC188 /* AppDelegate.swift in Sources */ = {isa = PBXBuildFile; fileRef = 96DB71D32ACBF06F00EDC188 /* AppDelegate.swift */; };
		96DB71D62ACBF06F00EDC188 /* SceneDelegate.swift in Sources */ = {isa = PBXBuildFile; fileRef = 96DB71D52ACBF06F00EDC188 /* SceneDelegate.swift */; };
		96DB71D82ACBF06F00EDC188 /* HomeViewController.swift in Sources */ = {isa = PBXBuildFile; fileRef = 96DB71D72ACBF06F00EDC188 /* HomeViewController.swift */; };
		96DB71DB2ACBF06F00EDC188 /* Main.storyboard in Resources */ = {isa = PBXBuildFile; fileRef = 96DB71D92ACBF06F00EDC188 /* Main.storyboard */; };
		96DB71DD2ACBF07100EDC188 /* Assets.xcassets in Resources */ = {isa = PBXBuildFile; fileRef = 96DB71DC2ACBF07100EDC188 /* Assets.xcassets */; };
		96DB71E02ACBF07100EDC188 /* LaunchScreen.storyboard in Resources */ = {isa = PBXBuildFile; fileRef = 96DB71DE2ACBF07100EDC188 /* LaunchScreen.storyboard */; };
		96DB71EB2ACBF07100EDC188 /* iTunesDemoTests.swift in Sources */ = {isa = PBXBuildFile; fileRef = 96DB71EA2ACBF07100EDC188 /* iTunesDemoTests.swift */; };
		96DB71F52ACBF07100EDC188 /* iTunesDemoUITests.swift in Sources */ = {isa = PBXBuildFile; fileRef = 96DB71F42ACBF07100EDC188 /* iTunesDemoUITests.swift */; };
		96DB71F72ACBF07100EDC188 /* iTunesDemoUITestsLaunchTests.swift in Sources */ = {isa = PBXBuildFile; fileRef = 96DB71F62ACBF07100EDC188 /* iTunesDemoUITestsLaunchTests.swift */; };
		96DB72072ACBF1C500EDC188 /* ListViewModel.swift in Sources */ = {isa = PBXBuildFile; fileRef = 96DB72062ACBF1C500EDC188 /* ListViewModel.swift */; };
		96DB72092ACBF75600EDC188 /* SearchResultViewController.swift in Sources */ = {isa = PBXBuildFile; fileRef = 96DB72082ACBF75600EDC188 /* SearchResultViewController.swift */; };
		96F09B6C2ACC7AD500F3B207 /* SearchResultViewController.xib in Resources */ = {isa = PBXBuildFile; fileRef = 96F09B6B2ACC7AD500F3B207 /* SearchResultViewController.xib */; };
/* End PBXBuildFile section */

/* Begin PBXContainerItemProxy section */
		96DB71E72ACBF07100EDC188 /* PBXContainerItemProxy */ = {
			isa = PBXContainerItemProxy;
			containerPortal = 96DB71C82ACBF06F00EDC188 /* Project object */;
			proxyType = 1;
			remoteGlobalIDString = 96DB71CF2ACBF06F00EDC188;
			remoteInfo = iTunesDemo;
		};
		96DB71F12ACBF07100EDC188 /* PBXContainerItemProxy */ = {
			isa = PBXContainerItemProxy;
			containerPortal = 96DB71C82ACBF06F00EDC188 /* Project object */;
			proxyType = 1;
			remoteGlobalIDString = 96DB71CF2ACBF06F00EDC188;
			remoteInfo = iTunesDemo;
		};
/* End PBXContainerItemProxy section */

/* Begin PBXFileReference section */
		960D3C672ACC6B6B00D7D53C /* MusicTableViewCell.swift */ = {isa = PBXFileReference; lastKnownFileType = sourcecode.swift; path = MusicTableViewCell.swift; sourceTree = "<group>"; };
		960D3C692ACC6BAB00D7D53C /* MusicTableViewCell.xib */ = {isa = PBXFileReference; lastKnownFileType = file.xib; path = MusicTableViewCell.xib; sourceTree = "<group>"; };
		960D3C6C2ACC786200D7D53C /* UIViewProtocol.swift */ = {isa = PBXFileReference; lastKnownFileType = sourcecode.swift; path = UIViewProtocol.swift; sourceTree = "<group>"; };
		963CE6C92ACD019500DFD2D6 /* SearchViewModel.swift */ = {isa = PBXFileReference; lastKnownFileType = sourcecode.swift; path = SearchViewModel.swift; sourceTree = "<group>"; };
		963CE6CC2ACD028700DFD2D6 /* MusicModel.swift */ = {isa = PBXFileReference; lastKnownFileType = sourcecode.swift; path = MusicModel.swift; sourceTree = "<group>"; };
		963CE6CE2ACD046400DFD2D6 /* iTunesAPIService.swift */ = {isa = PBXFileReference; lastKnownFileType = sourcecode.swift; path = iTunesAPIService.swift; sourceTree = "<group>"; };
		963CE6D02ACEAAB800DFD2D6 /* APIService.swift */ = {isa = PBXFileReference; lastKnownFileType = sourcecode.swift; path = APIService.swift; sourceTree = "<group>"; };
		963CE6D22ACEC53400DFD2D6 /* BookmarkViewModel.swift */ = {isa = PBXFileReference; lastKnownFileType = sourcecode.swift; path = BookmarkViewModel.swift; sourceTree = "<group>"; };
		963CE6D62ACECA4F00DFD2D6 /* DataStoreProtocol.swift */ = {isa = PBXFileReference; lastKnownFileType = sourcecode.swift; path = DataStoreProtocol.swift; sourceTree = "<group>"; };
		963CE6D82ACECA7A00DFD2D6 /* UserDefaultDataStore.swift */ = {isa = PBXFileReference; lastKnownFileType = sourcecode.swift; path = UserDefaultDataStore.swift; sourceTree = "<group>"; };
		963CE6DA2ACEF7CD00DFD2D6 /* SongCellViewModel.swift */ = {isa = PBXFileReference; lastKnownFileType = sourcecode.swift; path = SongCellViewModel.swift; sourceTree = "<group>"; };
		963CE6DC2ACFC4FD00DFD2D6 /* AlbumCellViewModel.swift */ = {isa = PBXFileReference; lastKnownFileType = sourcecode.swift; path = AlbumCellViewModel.swift; sourceTree = "<group>"; };
		963CE6DE2ACFC66600DFD2D6 /* ArtistCellViewModel.swift */ = {isa = PBXFileReference; lastKnownFileType = sourcecode.swift; path = ArtistCellViewModel.swift; sourceTree = "<group>"; };
		963CE6E02ACFE04700DFD2D6 /* zh-Hant */ = {isa = PBXFileReference; lastKnownFileType = text.plist.strings; name = "zh-Hant"; path = "zh-Hant.lproj/Main.strings"; sourceTree = "<group>"; };
		963CE6E12ACFE04700DFD2D6 /* zh-Hant */ = {isa = PBXFileReference; lastKnownFileType = text.plist.strings; name = "zh-Hant"; path = "zh-Hant.lproj/LaunchScreen.strings"; sourceTree = "<group>"; };
		963CE6E22ACFE05300DFD2D6 /* zh-Hans */ = {isa = PBXFileReference; lastKnownFileType = text.plist.strings; name = "zh-Hans"; path = "zh-Hans.lproj/Main.strings"; sourceTree = "<group>"; };
		963CE6E32ACFE05300DFD2D6 /* zh-Hans */ = {isa = PBXFileReference; lastKnownFileType = text.plist.strings; name = "zh-Hans"; path = "zh-Hans.lproj/LaunchScreen.strings"; sourceTree = "<group>"; };
		963CE6E62AD008E800DFD2D6 /* Localizable.xcstrings */ = {isa = PBXFileReference; lastKnownFileType = text.json.xcstrings; path = Localizable.xcstrings; sourceTree = "<group>"; };
		963CE6E82AD009DB00DFD2D6 /* Localiz.swift */ = {isa = PBXFileReference; lastKnownFileType = sourcecode.swift; path = Localiz.swift; sourceTree = "<group>"; };
		96DB71D02ACBF06F00EDC188 /* iTunesDemo.app */ = {isa = PBXFileReference; explicitFileType = wrapper.application; includeInIndex = 0; path = iTunesDemo.app; sourceTree = BUILT_PRODUCTS_DIR; };
		96DB71D32ACBF06F00EDC188 /* AppDelegate.swift */ = {isa = PBXFileReference; lastKnownFileType = sourcecode.swift; path = AppDelegate.swift; sourceTree = "<group>"; };
		96DB71D52ACBF06F00EDC188 /* SceneDelegate.swift */ = {isa = PBXFileReference; lastKnownFileType = sourcecode.swift; path = SceneDelegate.swift; sourceTree = "<group>"; };
		96DB71D72ACBF06F00EDC188 /* HomeViewController.swift */ = {isa = PBXFileReference; lastKnownFileType = sourcecode.swift; path = HomeViewController.swift; sourceTree = "<group>"; };
		96DB71DA2ACBF06F00EDC188 /* Base */ = {isa = PBXFileReference; lastKnownFileType = file.storyboard; name = Base; path = Base.lproj/Main.storyboard; sourceTree = "<group>"; };
		96DB71DC2ACBF07100EDC188 /* Assets.xcassets */ = {isa = PBXFileReference; lastKnownFileType = folder.assetcatalog; path = Assets.xcassets; sourceTree = "<group>"; };
		96DB71DF2ACBF07100EDC188 /* Base */ = {isa = PBXFileReference; lastKnownFileType = file.storyboard; name = Base; path = Base.lproj/LaunchScreen.storyboard; sourceTree = "<group>"; };
		96DB71E12ACBF07100EDC188 /* Info.plist */ = {isa = PBXFileReference; lastKnownFileType = text.plist.xml; path = Info.plist; sourceTree = "<group>"; };
		96DB71E62ACBF07100EDC188 /* iTunesDemoTests.xctest */ = {isa = PBXFileReference; explicitFileType = wrapper.cfbundle; includeInIndex = 0; path = iTunesDemoTests.xctest; sourceTree = BUILT_PRODUCTS_DIR; };
		96DB71EA2ACBF07100EDC188 /* iTunesDemoTests.swift */ = {isa = PBXFileReference; lastKnownFileType = sourcecode.swift; path = iTunesDemoTests.swift; sourceTree = "<group>"; };
		96DB71F02ACBF07100EDC188 /* iTunesDemoUITests.xctest */ = {isa = PBXFileReference; explicitFileType = wrapper.cfbundle; includeInIndex = 0; path = iTunesDemoUITests.xctest; sourceTree = BUILT_PRODUCTS_DIR; };
		96DB71F42ACBF07100EDC188 /* iTunesDemoUITests.swift */ = {isa = PBXFileReference; lastKnownFileType = sourcecode.swift; path = iTunesDemoUITests.swift; sourceTree = "<group>"; };
		96DB71F62ACBF07100EDC188 /* iTunesDemoUITestsLaunchTests.swift */ = {isa = PBXFileReference; lastKnownFileType = sourcecode.swift; path = iTunesDemoUITestsLaunchTests.swift; sourceTree = "<group>"; };
		96DB72062ACBF1C500EDC188 /* ListViewModel.swift */ = {isa = PBXFileReference; lastKnownFileType = sourcecode.swift; path = ListViewModel.swift; sourceTree = "<group>"; };
		96DB72082ACBF75600EDC188 /* SearchResultViewController.swift */ = {isa = PBXFileReference; lastKnownFileType = sourcecode.swift; path = SearchResultViewController.swift; sourceTree = "<group>"; };
		96F09B6B2ACC7AD500F3B207 /* SearchResultViewController.xib */ = {isa = PBXFileReference; lastKnownFileType = file.xib; path = SearchResultViewController.xib; sourceTree = "<group>"; };
/* End PBXFileReference section */

/* Begin PBXFrameworksBuildPhase section */
		96DB71CD2ACBF06F00EDC188 /* Frameworks */ = {
			isa = PBXFrameworksBuildPhase;
			buildActionMask = 2147483647;
			files = (
				963CE6C82ACCFF0800DFD2D6 /* Kingfisher in Frameworks */,
			);
			runOnlyForDeploymentPostprocessing = 0;
		};
		96DB71E32ACBF07100EDC188 /* Frameworks */ = {
			isa = PBXFrameworksBuildPhase;
			buildActionMask = 2147483647;
			files = (
			);
			runOnlyForDeploymentPostprocessing = 0;
		};
		96DB71ED2ACBF07100EDC188 /* Frameworks */ = {
			isa = PBXFrameworksBuildPhase;
			buildActionMask = 2147483647;
			files = (
			);
			runOnlyForDeploymentPostprocessing = 0;
		};
/* End PBXFrameworksBuildPhase section */

/* Begin PBXGroup section */
		960D3C6B2ACC6E4E00D7D53C /* Service */ = {
			isa = PBXGroup;
			children = (
				963CE6D52ACEC9A600DFD2D6 /* DataStore */,
				963CE6D42ACEC99900DFD2D6 /* API */,
			);
			path = Service;
			sourceTree = "<group>";
		};
		963CE6CB2ACD027200DFD2D6 /* Model */ = {
			isa = PBXGroup;
			children = (
				963CE6CC2ACD028700DFD2D6 /* MusicModel.swift */,
			);
			path = Model;
			sourceTree = "<group>";
		};
		963CE6D42ACEC99900DFD2D6 /* API */ = {
			isa = PBXGroup;
			children = (
				963CE6CE2ACD046400DFD2D6 /* iTunesAPIService.swift */,
				963CE6D02ACEAAB800DFD2D6 /* APIService.swift */,
			);
			path = API;
			sourceTree = "<group>";
		};
		963CE6D52ACEC9A600DFD2D6 /* DataStore */ = {
			isa = PBXGroup;
			children = (
				963CE6D62ACECA4F00DFD2D6 /* DataStoreProtocol.swift */,
				963CE6D82ACECA7A00DFD2D6 /* UserDefaultDataStore.swift */,
			);
			path = DataStore;
			sourceTree = "<group>";
		};
		963CE6E42AD005C100DFD2D6 /* Page */ = {
			isa = PBXGroup;
			children = (
				963CE6E52AD0072E00DFD2D6 /* Home */,
				96DB72042ACBF19E00EDC188 /* Search */,
			);
			path = Page;
			sourceTree = "<group>";
		};
		963CE6E52AD0072E00DFD2D6 /* Home */ = {
			isa = PBXGroup;
			children = (
				963CE6D22ACEC53400DFD2D6 /* BookmarkViewModel.swift */,
				96DB71D72ACBF06F00EDC188 /* HomeViewController.swift */,
			);
			path = Home;
			sourceTree = "<group>";
		};
		96DB71C72ACBF06F00EDC188 = {
			isa = PBXGroup;
			children = (
				96DB71D22ACBF06F00EDC188 /* iTunesDemo */,
				96DB71E92ACBF07100EDC188 /* iTunesDemoTests */,
				96DB71F32ACBF07100EDC188 /* iTunesDemoUITests */,
				96DB71D12ACBF06F00EDC188 /* Products */,
			);
			sourceTree = "<group>";
		};
		96DB71D12ACBF06F00EDC188 /* Products */ = {
			isa = PBXGroup;
			children = (
				96DB71D02ACBF06F00EDC188 /* iTunesDemo.app */,
				96DB71E62ACBF07100EDC188 /* iTunesDemoTests.xctest */,
				96DB71F02ACBF07100EDC188 /* iTunesDemoUITests.xctest */,
			);
			name = Products;
			sourceTree = "<group>";
		};
		96DB71D22ACBF06F00EDC188 /* iTunesDemo */ = {
			isa = PBXGroup;
			children = (
				963CE6E42AD005C100DFD2D6 /* Page */,
				963CE6CB2ACD027200DFD2D6 /* Model */,
				960D3C6B2ACC6E4E00D7D53C /* Service */,
				96DB72052ACBF1AE00EDC188 /* View */,
				96DB72032ACBF19100EDC188 /* ViewModel */,
				96DB71D32ACBF06F00EDC188 /* AppDelegate.swift */,
				96DB71D52ACBF06F00EDC188 /* SceneDelegate.swift */,
				96DB71D92ACBF06F00EDC188 /* Main.storyboard */,
				96DB71DC2ACBF07100EDC188 /* Assets.xcassets */,
				96DB71DE2ACBF07100EDC188 /* LaunchScreen.storyboard */,
				96DB71E12ACBF07100EDC188 /* Info.plist */,
				963CE6E62AD008E800DFD2D6 /* Localizable.xcstrings */,
				963CE6E82AD009DB00DFD2D6 /* Localiz.swift */,
			);
			path = iTunesDemo;
			sourceTree = "<group>";
		};
		96DB71E92ACBF07100EDC188 /* iTunesDemoTests */ = {
			isa = PBXGroup;
			children = (
				96DB71EA2ACBF07100EDC188 /* iTunesDemoTests.swift */,
			);
			path = iTunesDemoTests;
			sourceTree = "<group>";
		};
		96DB71F32ACBF07100EDC188 /* iTunesDemoUITests */ = {
			isa = PBXGroup;
			children = (
				96DB71F42ACBF07100EDC188 /* iTunesDemoUITests.swift */,
				96DB71F62ACBF07100EDC188 /* iTunesDemoUITestsLaunchTests.swift */,
			);
			path = iTunesDemoUITests;
			sourceTree = "<group>";
		};
		96DB72032ACBF19100EDC188 /* ViewModel */ = {
			isa = PBXGroup;
			children = (
				96DB72062ACBF1C500EDC188 /* ListViewModel.swift */,
				963CE6DA2ACEF7CD00DFD2D6 /* SongCellViewModel.swift */,
				963CE6DC2ACFC4FD00DFD2D6 /* AlbumCellViewModel.swift */,
				963CE6DE2ACFC66600DFD2D6 /* ArtistCellViewModel.swift */,
			);
			path = ViewModel;
			sourceTree = "<group>";
		};
		96DB72042ACBF19E00EDC188 /* Search */ = {
			isa = PBXGroup;
			children = (
				963CE6C92ACD019500DFD2D6 /* SearchViewModel.swift */,
				96DB72082ACBF75600EDC188 /* SearchResultViewController.swift */,
				96F09B6B2ACC7AD500F3B207 /* SearchResultViewController.xib */,
			);
			path = Search;
			sourceTree = "<group>";
		};
		96DB72052ACBF1AE00EDC188 /* View */ = {
			isa = PBXGroup;
			children = (
				960D3C672ACC6B6B00D7D53C /* MusicTableViewCell.swift */,
				960D3C692ACC6BAB00D7D53C /* MusicTableViewCell.xib */,
				960D3C6C2ACC786200D7D53C /* UIViewProtocol.swift */,
			);
			path = View;
			sourceTree = "<group>";
		};
/* End PBXGroup section */

/* Begin PBXNativeTarget section */
		96DB71CF2ACBF06F00EDC188 /* iTunesDemo */ = {
			isa = PBXNativeTarget;
			buildConfigurationList = 96DB71FA2ACBF07100EDC188 /* Build configuration list for PBXNativeTarget "iTunesDemo" */;
			buildPhases = (
				96DB71CC2ACBF06F00EDC188 /* Sources */,
				96DB71CD2ACBF06F00EDC188 /* Frameworks */,
				96DB71CE2ACBF06F00EDC188 /* Resources */,
			);
			buildRules = (
			);
			dependencies = (
			);
			name = iTunesDemo;
			packageProductDependencies = (
				963CE6C72ACCFF0800DFD2D6 /* Kingfisher */,
			);
			productName = iTunesDemo;
			productReference = 96DB71D02ACBF06F00EDC188 /* iTunesDemo.app */;
			productType = "com.apple.product-type.application";
		};
		96DB71E52ACBF07100EDC188 /* iTunesDemoTests */ = {
			isa = PBXNativeTarget;
			buildConfigurationList = 96DB71FD2ACBF07100EDC188 /* Build configuration list for PBXNativeTarget "iTunesDemoTests" */;
			buildPhases = (
				96DB71E22ACBF07100EDC188 /* Sources */,
				96DB71E32ACBF07100EDC188 /* Frameworks */,
				96DB71E42ACBF07100EDC188 /* Resources */,
			);
			buildRules = (
			);
			dependencies = (
				96DB71E82ACBF07100EDC188 /* PBXTargetDependency */,
			);
			name = iTunesDemoTests;
			productName = iTunesDemoTests;
			productReference = 96DB71E62ACBF07100EDC188 /* iTunesDemoTests.xctest */;
			productType = "com.apple.product-type.bundle.unit-test";
		};
		96DB71EF2ACBF07100EDC188 /* iTunesDemoUITests */ = {
			isa = PBXNativeTarget;
			buildConfigurationList = 96DB72002ACBF07100EDC188 /* Build configuration list for PBXNativeTarget "iTunesDemoUITests" */;
			buildPhases = (
				96DB71EC2ACBF07100EDC188 /* Sources */,
				96DB71ED2ACBF07100EDC188 /* Frameworks */,
				96DB71EE2ACBF07100EDC188 /* Resources */,
			);
			buildRules = (
			);
			dependencies = (
				96DB71F22ACBF07100EDC188 /* PBXTargetDependency */,
			);
			name = iTunesDemoUITests;
			productName = iTunesDemoUITests;
			productReference = 96DB71F02ACBF07100EDC188 /* iTunesDemoUITests.xctest */;
			productType = "com.apple.product-type.bundle.ui-testing";
		};
/* End PBXNativeTarget section */

/* Begin PBXProject section */
		96DB71C82ACBF06F00EDC188 /* Project object */ = {
			isa = PBXProject;
			attributes = {
				BuildIndependentTargetsInParallel = 1;
				LastSwiftUpdateCheck = 1500;
				LastUpgradeCheck = 1500;
				TargetAttributes = {
					96DB71CF2ACBF06F00EDC188 = {
						CreatedOnToolsVersion = 15.0;
					};
					96DB71E52ACBF07100EDC188 = {
						CreatedOnToolsVersion = 15.0;
						TestTargetID = 96DB71CF2ACBF06F00EDC188;
					};
					96DB71EF2ACBF07100EDC188 = {
						CreatedOnToolsVersion = 15.0;
						TestTargetID = 96DB71CF2ACBF06F00EDC188;
					};
				};
			};
			buildConfigurationList = 96DB71CB2ACBF06F00EDC188 /* Build configuration list for PBXProject "iTunesDemo" */;
			compatibilityVersion = "Xcode 14.0";
			developmentRegion = en;
			hasScannedForEncodings = 0;
			knownRegions = (
				en,
				Base,
				"zh-Hant",
				"zh-Hans",
			);
			mainGroup = 96DB71C72ACBF06F00EDC188;
			packageReferences = (
				963CE6C62ACCFF0800DFD2D6 /* XCRemoteSwiftPackageReference "Kingfisher" */,
			);
			productRefGroup = 96DB71D12ACBF06F00EDC188 /* Products */;
			projectDirPath = "";
			projectRoot = "";
			targets = (
				96DB71CF2ACBF06F00EDC188 /* iTunesDemo */,
				96DB71E52ACBF07100EDC188 /* iTunesDemoTests */,
				96DB71EF2ACBF07100EDC188 /* iTunesDemoUITests */,
			);
		};
/* End PBXProject section */

/* Begin PBXResourcesBuildPhase section */
		96DB71CE2ACBF06F00EDC188 /* Resources */ = {
			isa = PBXResourcesBuildPhase;
			buildActionMask = 2147483647;
			files = (
				96DB71E02ACBF07100EDC188 /* LaunchScreen.storyboard in Resources */,
				96F09B6C2ACC7AD500F3B207 /* SearchResultViewController.xib in Resources */,
				963CE6E72AD008E800DFD2D6 /* Localizable.xcstrings in Resources */,
				96DB71DD2ACBF07100EDC188 /* Assets.xcassets in Resources */,
				96DB71DB2ACBF06F00EDC188 /* Main.storyboard in Resources */,
				960D3C6A2ACC6BAB00D7D53C /* MusicTableViewCell.xib in Resources */,
			);
			runOnlyForDeploymentPostprocessing = 0;
		};
		96DB71E42ACBF07100EDC188 /* Resources */ = {
			isa = PBXResourcesBuildPhase;
			buildActionMask = 2147483647;
			files = (
			);
			runOnlyForDeploymentPostprocessing = 0;
		};
		96DB71EE2ACBF07100EDC188 /* Resources */ = {
			isa = PBXResourcesBuildPhase;
			buildActionMask = 2147483647;
			files = (
			);
			runOnlyForDeploymentPostprocessing = 0;
		};
/* End PBXResourcesBuildPhase section */

/* Begin PBXSourcesBuildPhase section */
		96DB71CC2ACBF06F00EDC188 /* Sources */ = {
			isa = PBXSourcesBuildPhase;
			buildActionMask = 2147483647;
			files = (
				963CE6DD2ACFC4FD00DFD2D6 /* AlbumCellViewModel.swift in Sources */,
				963CE6D92ACECA7A00DFD2D6 /* UserDefaultDataStore.swift in Sources */,
				963CE6E92AD009DB00DFD2D6 /* Localiz.swift in Sources */,
				96DB71D82ACBF06F00EDC188 /* HomeViewController.swift in Sources */,
				960D3C6D2ACC786200D7D53C /* UIViewProtocol.swift in Sources */,
				963CE6D32ACEC53400DFD2D6 /* BookmarkViewModel.swift in Sources */,
				963CE6CD2ACD028700DFD2D6 /* MusicModel.swift in Sources */,
				963CE6DF2ACFC66600DFD2D6 /* ArtistCellViewModel.swift in Sources */,
				963CE6CA2ACD019500DFD2D6 /* SearchViewModel.swift in Sources */,
				963CE6D12ACEAAB800DFD2D6 /* APIService.swift in Sources */,
				96DB71D42ACBF06F00EDC188 /* AppDelegate.swift in Sources */,
				96DB72092ACBF75600EDC188 /* SearchResultViewController.swift in Sources */,
				963CE6DB2ACEF7CD00DFD2D6 /* SongCellViewModel.swift in Sources */,
				963CE6CF2ACD046400DFD2D6 /* iTunesAPIService.swift in Sources */,
				96DB72072ACBF1C500EDC188 /* ListViewModel.swift in Sources */,
				96DB71D62ACBF06F00EDC188 /* SceneDelegate.swift in Sources */,
				963CE6D72ACECA4F00DFD2D6 /* DataStoreProtocol.swift in Sources */,
				960D3C682ACC6B6B00D7D53C /* MusicTableViewCell.swift in Sources */,
			);
			runOnlyForDeploymentPostprocessing = 0;
		};
		96DB71E22ACBF07100EDC188 /* Sources */ = {
			isa = PBXSourcesBuildPhase;
			buildActionMask = 2147483647;
			files = (
				96DB71EB2ACBF07100EDC188 /* iTunesDemoTests.swift in Sources */,
			);
			runOnlyForDeploymentPostprocessing = 0;
		};
		96DB71EC2ACBF07100EDC188 /* Sources */ = {
			isa = PBXSourcesBuildPhase;
			buildActionMask = 2147483647;
			files = (
				96DB71F52ACBF07100EDC188 /* iTunesDemoUITests.swift in Sources */,
				96DB71F72ACBF07100EDC188 /* iTunesDemoUITestsLaunchTests.swift in Sources */,
			);
			runOnlyForDeploymentPostprocessing = 0;
		};
/* End PBXSourcesBuildPhase section */

/* Begin PBXTargetDependency section */
		96DB71E82ACBF07100EDC188 /* PBXTargetDependency */ = {
			isa = PBXTargetDependency;
			target = 96DB71CF2ACBF06F00EDC188 /* iTunesDemo */;
			targetProxy = 96DB71E72ACBF07100EDC188 /* PBXContainerItemProxy */;
		};
		96DB71F22ACBF07100EDC188 /* PBXTargetDependency */ = {
			isa = PBXTargetDependency;
			target = 96DB71CF2ACBF06F00EDC188 /* iTunesDemo */;
			targetProxy = 96DB71F12ACBF07100EDC188 /* PBXContainerItemProxy */;
		};
/* End PBXTargetDependency section */

/* Begin PBXVariantGroup section */
		96DB71D92ACBF06F00EDC188 /* Main.storyboard */ = {
			isa = PBXVariantGroup;
			children = (
				96DB71DA2ACBF06F00EDC188 /* Base */,
				963CE6E02ACFE04700DFD2D6 /* zh-Hant */,
				963CE6E22ACFE05300DFD2D6 /* zh-Hans */,
			);
			name = Main.storyboard;
			sourceTree = "<group>";
		};
		96DB71DE2ACBF07100EDC188 /* LaunchScreen.storyboard */ = {
			isa = PBXVariantGroup;
			children = (
				96DB71DF2ACBF07100EDC188 /* Base */,
				963CE6E12ACFE04700DFD2D6 /* zh-Hant */,
				963CE6E32ACFE05300DFD2D6 /* zh-Hans */,
			);
			name = LaunchScreen.storyboard;
			sourceTree = "<group>";
		};
/* End PBXVariantGroup section */

/* Begin XCBuildConfiguration section */
		96DB71F82ACBF07100EDC188 /* Debug */ = {
			isa = XCBuildConfiguration;
			buildSettings = {
				ALWAYS_SEARCH_USER_PATHS = NO;
				ASSETCATALOG_COMPILER_GENERATE_SWIFT_ASSET_SYMBOL_EXTENSIONS = YES;
				CLANG_ANALYZER_LOCALIZABILITY_NONLOCALIZED = YES;
				CLANG_ANALYZER_NONNULL = YES;
				CLANG_ANALYZER_NUMBER_OBJECT_CONVERSION = YES_AGGRESSIVE;
				CLANG_CXX_LANGUAGE_STANDARD = "gnu++20";
				CLANG_ENABLE_MODULES = YES;
				CLANG_ENABLE_OBJC_ARC = YES;
				CLANG_ENABLE_OBJC_WEAK = YES;
				CLANG_WARN_BLOCK_CAPTURE_AUTORELEASING = YES;
				CLANG_WARN_BOOL_CONVERSION = YES;
				CLANG_WARN_COMMA = YES;
				CLANG_WARN_CONSTANT_CONVERSION = YES;
				CLANG_WARN_DEPRECATED_OBJC_IMPLEMENTATIONS = YES;
				CLANG_WARN_DIRECT_OBJC_ISA_USAGE = YES_ERROR;
				CLANG_WARN_DOCUMENTATION_COMMENTS = YES;
				CLANG_WARN_EMPTY_BODY = YES;
				CLANG_WARN_ENUM_CONVERSION = YES;
				CLANG_WARN_INFINITE_RECURSION = YES;
				CLANG_WARN_INT_CONVERSION = YES;
				CLANG_WARN_NON_LITERAL_NULL_CONVERSION = YES;
				CLANG_WARN_OBJC_IMPLICIT_RETAIN_SELF = YES;
				CLANG_WARN_OBJC_LITERAL_CONVERSION = YES;
				CLANG_WARN_OBJC_ROOT_CLASS = YES_ERROR;
				CLANG_WARN_QUOTED_INCLUDE_IN_FRAMEWORK_HEADER = YES;
				CLANG_WARN_RANGE_LOOP_ANALYSIS = YES;
				CLANG_WARN_STRICT_PROTOTYPES = YES;
				CLANG_WARN_SUSPICIOUS_MOVE = YES;
				CLANG_WARN_UNGUARDED_AVAILABILITY = YES_AGGRESSIVE;
				CLANG_WARN_UNREACHABLE_CODE = YES;
				CLANG_WARN__DUPLICATE_METHOD_MATCH = YES;
				COPY_PHASE_STRIP = NO;
				DEBUG_INFORMATION_FORMAT = dwarf;
				ENABLE_STRICT_OBJC_MSGSEND = YES;
				ENABLE_TESTABILITY = YES;
				ENABLE_USER_SCRIPT_SANDBOXING = YES;
				GCC_C_LANGUAGE_STANDARD = gnu17;
				GCC_DYNAMIC_NO_PIC = NO;
				GCC_NO_COMMON_BLOCKS = YES;
				GCC_OPTIMIZATION_LEVEL = 0;
				GCC_PREPROCESSOR_DEFINITIONS = (
					"DEBUG=1",
					"$(inherited)",
				);
				GCC_WARN_64_TO_32_BIT_CONVERSION = YES;
				GCC_WARN_ABOUT_RETURN_TYPE = YES_ERROR;
				GCC_WARN_UNDECLARED_SELECTOR = YES;
				GCC_WARN_UNINITIALIZED_AUTOS = YES_AGGRESSIVE;
				GCC_WARN_UNUSED_FUNCTION = YES;
				GCC_WARN_UNUSED_VARIABLE = YES;
				IPHONEOS_DEPLOYMENT_TARGET = 13.0;
				LOCALIZATION_PREFERS_STRING_CATALOGS = YES;
				MTL_ENABLE_DEBUG_INFO = INCLUDE_SOURCE;
				MTL_FAST_MATH = YES;
				ONLY_ACTIVE_ARCH = YES;
				SDKROOT = iphoneos;
				SWIFT_ACTIVE_COMPILATION_CONDITIONS = "DEBUG $(inherited)";
				SWIFT_OPTIMIZATION_LEVEL = "-Onone";
			};
			name = Debug;
		};
		96DB71F92ACBF07100EDC188 /* Release */ = {
			isa = XCBuildConfiguration;
			buildSettings = {
				ALWAYS_SEARCH_USER_PATHS = NO;
				ASSETCATALOG_COMPILER_GENERATE_SWIFT_ASSET_SYMBOL_EXTENSIONS = YES;
				CLANG_ANALYZER_LOCALIZABILITY_NONLOCALIZED = YES;
				CLANG_ANALYZER_NONNULL = YES;
				CLANG_ANALYZER_NUMBER_OBJECT_CONVERSION = YES_AGGRESSIVE;
				CLANG_CXX_LANGUAGE_STANDARD = "gnu++20";
				CLANG_ENABLE_MODULES = YES;
				CLANG_ENABLE_OBJC_ARC = YES;
				CLANG_ENABLE_OBJC_WEAK = YES;
				CLANG_WARN_BLOCK_CAPTURE_AUTORELEASING = YES;
				CLANG_WARN_BOOL_CONVERSION = YES;
				CLANG_WARN_COMMA = YES;
				CLANG_WARN_CONSTANT_CONVERSION = YES;
				CLANG_WARN_DEPRECATED_OBJC_IMPLEMENTATIONS = YES;
				CLANG_WARN_DIRECT_OBJC_ISA_USAGE = YES_ERROR;
				CLANG_WARN_DOCUMENTATION_COMMENTS = YES;
				CLANG_WARN_EMPTY_BODY = YES;
				CLANG_WARN_ENUM_CONVERSION = YES;
				CLANG_WARN_INFINITE_RECURSION = YES;
				CLANG_WARN_INT_CONVERSION = YES;
				CLANG_WARN_NON_LITERAL_NULL_CONVERSION = YES;
				CLANG_WARN_OBJC_IMPLICIT_RETAIN_SELF = YES;
				CLANG_WARN_OBJC_LITERAL_CONVERSION = YES;
				CLANG_WARN_OBJC_ROOT_CLASS = YES_ERROR;
				CLANG_WARN_QUOTED_INCLUDE_IN_FRAMEWORK_HEADER = YES;
				CLANG_WARN_RANGE_LOOP_ANALYSIS = YES;
				CLANG_WARN_STRICT_PROTOTYPES = YES;
				CLANG_WARN_SUSPICIOUS_MOVE = YES;
				CLANG_WARN_UNGUARDED_AVAILABILITY = YES_AGGRESSIVE;
				CLANG_WARN_UNREACHABLE_CODE = YES;
				CLANG_WARN__DUPLICATE_METHOD_MATCH = YES;
				COPY_PHASE_STRIP = NO;
				DEBUG_INFORMATION_FORMAT = "dwarf-with-dsym";
				ENABLE_NS_ASSERTIONS = NO;
				ENABLE_STRICT_OBJC_MSGSEND = YES;
				ENABLE_USER_SCRIPT_SANDBOXING = YES;
				GCC_C_LANGUAGE_STANDARD = gnu17;
				GCC_NO_COMMON_BLOCKS = YES;
				GCC_WARN_64_TO_32_BIT_CONVERSION = YES;
				GCC_WARN_ABOUT_RETURN_TYPE = YES_ERROR;
				GCC_WARN_UNDECLARED_SELECTOR = YES;
				GCC_WARN_UNINITIALIZED_AUTOS = YES_AGGRESSIVE;
				GCC_WARN_UNUSED_FUNCTION = YES;
				GCC_WARN_UNUSED_VARIABLE = YES;
				IPHONEOS_DEPLOYMENT_TARGET = 13.0;
				LOCALIZATION_PREFERS_STRING_CATALOGS = YES;
				MTL_ENABLE_DEBUG_INFO = NO;
				MTL_FAST_MATH = YES;
				SDKROOT = iphoneos;
				SWIFT_COMPILATION_MODE = wholemodule;
				VALIDATE_PRODUCT = YES;
			};
			name = Release;
		};
		96DB71FB2ACBF07100EDC188 /* Debug */ = {
			isa = XCBuildConfiguration;
			buildSettings = {
				ASSETCATALOG_COMPILER_APPICON_NAME = AppIcon;
				ASSETCATALOG_COMPILER_GLOBAL_ACCENT_COLOR_NAME = AccentColor;
				CODE_SIGN_STYLE = Automatic;
				CURRENT_PROJECT_VERSION = 1;
				DEVELOPMENT_TEAM = H9X2RYSPF2;
				GENERATE_INFOPLIST_FILE = YES;
				INFOPLIST_FILE = iTunesDemo/Info.plist;
				INFOPLIST_KEY_UIApplicationSupportsIndirectInputEvents = YES;
				INFOPLIST_KEY_UILaunchStoryboardName = LaunchScreen;
				INFOPLIST_KEY_UIMainStoryboardFile = Main;
				INFOPLIST_KEY_UISupportedInterfaceOrientations_iPad = "UIInterfaceOrientationPortrait UIInterfaceOrientationPortraitUpsideDown UIInterfaceOrientationLandscapeLeft UIInterfaceOrientationLandscapeRight";
				INFOPLIST_KEY_UISupportedInterfaceOrientations_iPhone = "UIInterfaceOrientationPortrait UIInterfaceOrientationLandscapeLeft UIInterfaceOrientationLandscapeRight";
				LD_RUNPATH_SEARCH_PATHS = (
					"$(inherited)",
					"@executable_path/Frameworks",
				);
				MARKETING_VERSION = 1.0;
				PRODUCT_BUNDLE_IDENTIFIER = Yaoye.iTunesDemo;
				PRODUCT_NAME = "$(TARGET_NAME)";
				SWIFT_EMIT_LOC_STRINGS = YES;
				SWIFT_VERSION = 5.0;
				TARGETED_DEVICE_FAMILY = "1,2";
			};
			name = Debug;
		};
		96DB71FC2ACBF07100EDC188 /* Release */ = {
			isa = XCBuildConfiguration;
			buildSettings = {
				ASSETCATALOG_COMPILER_APPICON_NAME = AppIcon;
				ASSETCATALOG_COMPILER_GLOBAL_ACCENT_COLOR_NAME = AccentColor;
				CODE_SIGN_STYLE = Automatic;
				CURRENT_PROJECT_VERSION = 1;
				DEVELOPMENT_TEAM = H9X2RYSPF2;
				GENERATE_INFOPLIST_FILE = YES;
				INFOPLIST_FILE = iTunesDemo/Info.plist;
				INFOPLIST_KEY_UIApplicationSupportsIndirectInputEvents = YES;
				INFOPLIST_KEY_UILaunchStoryboardName = LaunchScreen;
				INFOPLIST_KEY_UIMainStoryboardFile = Main;
				INFOPLIST_KEY_UISupportedInterfaceOrientations_iPad = "UIInterfaceOrientationPortrait UIInterfaceOrientationPortraitUpsideDown UIInterfaceOrientationLandscapeLeft UIInterfaceOrientationLandscapeRight";
				INFOPLIST_KEY_UISupportedInterfaceOrientations_iPhone = "UIInterfaceOrientationPortrait UIInterfaceOrientationLandscapeLeft UIInterfaceOrientationLandscapeRight";
				LD_RUNPATH_SEARCH_PATHS = (
					"$(inherited)",
					"@executable_path/Frameworks",
				);
				MARKETING_VERSION = 1.0;
				PRODUCT_BUNDLE_IDENTIFIER = Yaoye.iTunesDemo;
				PRODUCT_NAME = "$(TARGET_NAME)";
				SWIFT_EMIT_LOC_STRINGS = YES;
				SWIFT_VERSION = 5.0;
				TARGETED_DEVICE_FAMILY = "1,2";
			};
			name = Release;
		};
		96DB71FE2ACBF07100EDC188 /* Debug */ = {
			isa = XCBuildConfiguration;
			buildSettings = {
				ALWAYS_EMBED_SWIFT_STANDARD_LIBRARIES = YES;
				BUNDLE_LOADER = "$(TEST_HOST)";
				CODE_SIGN_STYLE = Automatic;
				CURRENT_PROJECT_VERSION = 1;
				DEVELOPMENT_TEAM = H9X2RYSPF2;
				GENERATE_INFOPLIST_FILE = YES;
				IPHONEOS_DEPLOYMENT_TARGET = 17.0;
				MARKETING_VERSION = 1.0;
				PRODUCT_BUNDLE_IDENTIFIER = Yaoye.iTunesDemoTests;
				PRODUCT_NAME = "$(TARGET_NAME)";
				SWIFT_EMIT_LOC_STRINGS = NO;
				SWIFT_VERSION = 5.0;
				TARGETED_DEVICE_FAMILY = "1,2";
				TEST_HOST = "$(BUILT_PRODUCTS_DIR)/iTunesDemo.app/$(BUNDLE_EXECUTABLE_FOLDER_PATH)/iTunesDemo";
			};
			name = Debug;
		};
		96DB71FF2ACBF07100EDC188 /* Release */ = {
			isa = XCBuildConfiguration;
			buildSettings = {
				ALWAYS_EMBED_SWIFT_STANDARD_LIBRARIES = YES;
				BUNDLE_LOADER = "$(TEST_HOST)";
				CODE_SIGN_STYLE = Automatic;
				CURRENT_PROJECT_VERSION = 1;
				DEVELOPMENT_TEAM = H9X2RYSPF2;
				GENERATE_INFOPLIST_FILE = YES;
				IPHONEOS_DEPLOYMENT_TARGET = 17.0;
				MARKETING_VERSION = 1.0;
				PRODUCT_BUNDLE_IDENTIFIER = Yaoye.iTunesDemoTests;
				PRODUCT_NAME = "$(TARGET_NAME)";
				SWIFT_EMIT_LOC_STRINGS = NO;
				SWIFT_VERSION = 5.0;
				TARGETED_DEVICE_FAMILY = "1,2";
				TEST_HOST = "$(BUILT_PRODUCTS_DIR)/iTunesDemo.app/$(BUNDLE_EXECUTABLE_FOLDER_PATH)/iTunesDemo";
			};
			name = Release;
		};
		96DB72012ACBF07100EDC188 /* Debug */ = {
			isa = XCBuildConfiguration;
			buildSettings = {
				ALWAYS_EMBED_SWIFT_STANDARD_LIBRARIES = YES;
				CODE_SIGN_STYLE = Automatic;
				CURRENT_PROJECT_VERSION = 1;
				DEVELOPMENT_TEAM = H9X2RYSPF2;
				GENERATE_INFOPLIST_FILE = YES;
				MARKETING_VERSION = 1.0;
				PRODUCT_BUNDLE_IDENTIFIER = Yaoye.iTunesDemoUITests;
				PRODUCT_NAME = "$(TARGET_NAME)";
				SWIFT_EMIT_LOC_STRINGS = NO;
				SWIFT_VERSION = 5.0;
				TARGETED_DEVICE_FAMILY = "1,2";
				TEST_TARGET_NAME = iTunesDemo;
			};
			name = Debug;
		};
		96DB72022ACBF07100EDC188 /* Release */ = {
			isa = XCBuildConfiguration;
			buildSettings = {
				ALWAYS_EMBED_SWIFT_STANDARD_LIBRARIES = YES;
				CODE_SIGN_STYLE = Automatic;
				CURRENT_PROJECT_VERSION = 1;
				DEVELOPMENT_TEAM = H9X2RYSPF2;
				GENERATE_INFOPLIST_FILE = YES;
				MARKETING_VERSION = 1.0;
				PRODUCT_BUNDLE_IDENTIFIER = Yaoye.iTunesDemoUITests;
				PRODUCT_NAME = "$(TARGET_NAME)";
				SWIFT_EMIT_LOC_STRINGS = NO;
				SWIFT_VERSION = 5.0;
				TARGETED_DEVICE_FAMILY = "1,2";
				TEST_TARGET_NAME = iTunesDemo;
			};
			name = Release;
		};
/* End XCBuildConfiguration section */

/* Begin XCConfigurationList section */
		96DB71CB2ACBF06F00EDC188 /* Build configuration list for PBXProject "iTunesDemo" */ = {
			isa = XCConfigurationList;
			buildConfigurations = (
				96DB71F82ACBF07100EDC188 /* Debug */,
				96DB71F92ACBF07100EDC188 /* Release */,
			);
			defaultConfigurationIsVisible = 0;
			defaultConfigurationName = Release;
		};
		96DB71FA2ACBF07100EDC188 /* Build configuration list for PBXNativeTarget "iTunesDemo" */ = {
			isa = XCConfigurationList;
			buildConfigurations = (
				96DB71FB2ACBF07100EDC188 /* Debug */,
				96DB71FC2ACBF07100EDC188 /* Release */,
			);
			defaultConfigurationIsVisible = 0;
			defaultConfigurationName = Release;
		};
		96DB71FD2ACBF07100EDC188 /* Build configuration list for PBXNativeTarget "iTunesDemoTests" */ = {
			isa = XCConfigurationList;
			buildConfigurations = (
				96DB71FE2ACBF07100EDC188 /* Debug */,
				96DB71FF2ACBF07100EDC188 /* Release */,
			);
			defaultConfigurationIsVisible = 0;
			defaultConfigurationName = Release;
		};
		96DB72002ACBF07100EDC188 /* Build configuration list for PBXNativeTarget "iTunesDemoUITests" */ = {
			isa = XCConfigurationList;
			buildConfigurations = (
				96DB72012ACBF07100EDC188 /* Debug */,
				96DB72022ACBF07100EDC188 /* Release */,
			);
			defaultConfigurationIsVisible = 0;
			defaultConfigurationName = Release;
		};
/* End XCConfigurationList section */

/* Begin XCRemoteSwiftPackageReference section */
		963CE6C62ACCFF0800DFD2D6 /* XCRemoteSwiftPackageReference "Kingfisher" */ = {
			isa = XCRemoteSwiftPackageReference;
			repositoryURL = "https://github.com/onevcat/Kingfisher";
			requirement = {
				kind = upToNextMajorVersion;
				minimumVersion = 7.9.1;
			};
		};
/* End XCRemoteSwiftPackageReference section */

/* Begin XCSwiftPackageProductDependency section */
		963CE6C72ACCFF0800DFD2D6 /* Kingfisher */ = {
			isa = XCSwiftPackageProductDependency;
			package = 963CE6C62ACCFF0800DFD2D6 /* XCRemoteSwiftPackageReference "Kingfisher" */;
			productName = Kingfisher;
		};
/* End XCSwiftPackageProductDependency section */
	};
	rootObject = 96DB71C82ACBF06F00EDC188 /* Project object */;
}
